
Microsoft Visual Studio Solution File, Format Version 12.00
# Visual Studio 14
VisualStudioVersion = 14.0.23107.0
MinimumVisualStudioVersion = 10.0.40219.1
Project("{FAE04EC0-301F-11D3-BF4B-00C04F79EFBC}") = "Master", "Master\Master.csproj", "{CC47F0FE-42CC-4763-B63D-FC88A5D93C65}"
EndProject
Project("{FAE04EC0-301F-11D3-BF4B-00C04F79EFBC}") = "NebulaCommon", "NebulaCommon\NebulaCommon.csproj", "{DBBB971B-C15E-4953-BFB9-5C6B7238F5D5}"
EndProject
Project("{FAE04EC0-301F-11D3-BF4B-00C04F79EFBC}") = "ServerClientCommon", "ServerClientCommon\ServerClientCommon.csproj", "{3E0F3769-9F28-4047-8CAB-5584EBEB8775}"
EndProject
Project("{FAE04EC0-301F-11D3-BF4B-00C04F79EFBC}") = "TestClient", "TestClient\TestClient.csproj", "{B4161E2A-E2CE-41E5-B1D5-A646D4100EFA}"
EndProject
Project("{FAE04EC0-301F-11D3-BF4B-00C04F79EFBC}") = "Login", "Login\Login.csproj", "{B759477C-D71F-4750-BEB5-D4D055E03074}"
EndProject
Project("{FAE04EC0-301F-11D3-BF4B-00C04F79EFBC}") = "SelectCharacter", "SelectCharacter\SelectCharacter.csproj", "{D65C51D1-FEEE-41C4-A846-1702F26EA1E4}"
EndProject
Project("{FAE04EC0-301F-11D3-BF4B-00C04F79EFBC}") = "GameMath", "GameMath\GameMath.csproj", "{1E3CAC5D-7BEE-486A-B275-76CEBC429E56}"
EndProject
Project("{FAE04EC0-301F-11D3-BF4B-00C04F79EFBC}") = "Space.Game", "Space.Game\Space.Game.csproj", "{258E2BBB-A667-4BBE-97BB-FAB72A5E552C}"
EndProject
Project("{FAE04EC0-301F-11D3-BF4B-00C04F79EFBC}") = "Common", "Common\Common.csproj", "{2DA5A1D7-DB75-4641-A7C4-47C0E8520FA0}"
EndProject
Project("{FAE04EC0-301F-11D3-BF4B-00C04F79EFBC}") = "GameServer", "GameServer\GameServer.csproj", "{74F17503-CFEC-46C7-80E3-92DDD35BC8E2}"
EndProject
Project("{FAE04EC0-301F-11D3-BF4B-00C04F79EFBC}") = "SpaceClient", "SpaceClient\SpaceClient.csproj", "{04EED28C-4145-4315-B700-2C1491639C87}"
EndProject
Project("{FAE04EC0-301F-11D3-BF4B-00C04F79EFBC}") = "NebulaTests", "NebulaTests\NebulaTests.csproj", "{C656ED78-2BB8-48D6-A272-13B6BDC3501E}"
EndProject
Project("{FAE04EC0-301F-11D3-BF4B-00C04F79EFBC}") = "NebulaConsoleTests", "DSL_TEST\NebulaConsoleTests.csproj", "{48AA91B8-86CF-4C34-8208-F1B293236CE7}"
EndProject
Project("{FAE04EC0-301F-11D3-BF4B-00C04F79EFBC}") = "news_manager", "news_manager\news_manager.csproj", "{B70269AE-3038-4785-9E1A-795851CBF6C7}"
EndProject
Global
	GlobalSection(SolutionConfigurationPlatforms) = preSolution
		Debug|Any CPU = Debug|Any CPU
		Release|Any CPU = Release|Any CPU
	EndGlobalSection
	GlobalSection(ProjectConfigurationPlatforms) = postSolution
		{CC47F0FE-42CC-4763-B63D-FC88A5D93C65}.Debug|Any CPU.ActiveCfg = Debug|Any CPU
		{CC47F0FE-42CC-4763-B63D-FC88A5D93C65}.Debug|Any CPU.Build.0 = Debug|Any CPU
		{CC47F0FE-42CC-4763-B63D-FC88A5D93C65}.Release|Any CPU.ActiveCfg = Release|Any CPU
		{CC47F0FE-42CC-4763-B63D-FC88A5D93C65}.Release|Any CPU.Build.0 = Release|Any CPU
		{DBBB971B-C15E-4953-BFB9-5C6B7238F5D5}.Debug|Any CPU.ActiveCfg = Debug|Any CPU
		{DBBB971B-C15E-4953-BFB9-5C6B7238F5D5}.Debug|Any CPU.Build.0 = Debug|Any CPU
		{DBBB971B-C15E-4953-BFB9-5C6B7238F5D5}.Release|Any CPU.ActiveCfg = Release|Any CPU
		{DBBB971B-C15E-4953-BFB9-5C6B7238F5D5}.Release|Any CPU.Build.0 = Release|Any CPU
		{3E0F3769-9F28-4047-8CAB-5584EBEB8775}.Debug|Any CPU.ActiveCfg = Debug|Any CPU
		{3E0F3769-9F28-4047-8CAB-5584EBEB8775}.Debug|Any CPU.Build.0 = Debug|Any CPU
		{3E0F3769-9F28-4047-8CAB-5584EBEB8775}.Release|Any CPU.ActiveCfg = Release|Any CPU
		{3E0F3769-9F28-4047-8CAB-5584EBEB8775}.Release|Any CPU.Build.0 = Release|Any CPU
		{B4161E2A-E2CE-41E5-B1D5-A646D4100EFA}.Debug|Any CPU.ActiveCfg = Debug|Any CPU
		{B4161E2A-E2CE-41E5-B1D5-A646D4100EFA}.Debug|Any CPU.Build.0 = Debug|Any CPU
		{B4161E2A-E2CE-41E5-B1D5-A646D4100EFA}.Release|Any CPU.ActiveCfg = Release|Any CPU
		{B4161E2A-E2CE-41E5-B1D5-A646D4100EFA}.Release|Any CPU.Build.0 = Release|Any CPU
		{B759477C-D71F-4750-BEB5-D4D055E03074}.Debug|Any CPU.ActiveCfg = Debug|Any CPU
		{B759477C-D71F-4750-BEB5-D4D055E03074}.Debug|Any CPU.Build.0 = Debug|Any CPU
		{B759477C-D71F-4750-BEB5-D4D055E03074}.Release|Any CPU.ActiveCfg = Release|Any CPU
		{B759477C-D71F-4750-BEB5-D4D055E03074}.Release|Any CPU.Build.0 = Release|Any CPU
		{D65C51D1-FEEE-41C4-A846-1702F26EA1E4}.Debug|Any CPU.ActiveCfg = Debug|Any CPU
		{D65C51D1-FEEE-41C4-A846-1702F26EA1E4}.Debug|Any CPU.Build.0 = Debug|Any CPU
		{D65C51D1-FEEE-41C4-A846-1702F26EA1E4}.Release|Any CPU.ActiveCfg = Release|Any CPU
		{D65C51D1-FEEE-41C4-A846-1702F26EA1E4}.Release|Any CPU.Build.0 = Release|Any CPU
		{1E3CAC5D-7BEE-486A-B275-76CEBC429E56}.Debug|Any CPU.ActiveCfg = Debug|Any CPU
		{1E3CAC5D-7BEE-486A-B275-76CEBC429E56}.Debug|Any CPU.Build.0 = Debug|Any CPU
		{1E3CAC5D-7BEE-486A-B275-76CEBC429E56}.Release|Any CPU.ActiveCfg = Release|Any CPU
		{1E3CAC5D-7BEE-486A-B275-76CEBC429E56}.Release|Any CPU.Build.0 = Release|Any CPU
		{258E2BBB-A667-4BBE-97BB-FAB72A5E552C}.Debug|Any CPU.ActiveCfg = Debug|Any CPU
		{258E2BBB-A667-4BBE-97BB-FAB72A5E552C}.Debug|Any CPU.Build.0 = Debug|Any CPU
		{258E2BBB-A667-4BBE-97BB-FAB72A5E552C}.Release|Any CPU.ActiveCfg = Release|Any CPU
		{258E2BBB-A667-4BBE-97BB-FAB72A5E552C}.Release|Any CPU.Build.0 = Release|Any CPU
		{2DA5A1D7-DB75-4641-A7C4-47C0E8520FA0}.Debug|Any CPU.ActiveCfg = Debug|Any CPU
		{2DA5A1D7-DB75-4641-A7C4-47C0E8520FA0}.Debug|Any CPU.Build.0 = Debug|Any CPU
		{2DA5A1D7-DB75-4641-A7C4-47C0E8520FA0}.Release|Any CPU.ActiveCfg = Release|Any CPU
		{2DA5A1D7-DB75-4641-A7C4-47C0E8520FA0}.Release|Any CPU.Build.0 = Release|Any CPU
		{74F17503-CFEC-46C7-80E3-92DDD35BC8E2}.Debug|Any CPU.ActiveCfg = Debug|Any CPU
		{74F17503-CFEC-46C7-80E3-92DDD35BC8E2}.Debug|Any CPU.Build.0 = Debug|Any CPU
		{74F17503-CFEC-46C7-80E3-92DDD35BC8E2}.Release|Any CPU.ActiveCfg = Release|Any CPU
		{74F17503-CFEC-46C7-80E3-92DDD35BC8E2}.Release|Any CPU.Build.0 = Release|Any CPU
		{04EED28C-4145-4315-B700-2C1491639C87}.Debug|Any CPU.ActiveCfg = Debug|Any CPU
		{04EED28C-4145-4315-B700-2C1491639C87}.Debug|Any CPU.Build.0 = Debug|Any CPU
		{04EED28C-4145-4315-B700-2C1491639C87}.Release|Any CPU.ActiveCfg = Release|Any CPU
		{04EED28C-4145-4315-B700-2C1491639C87}.Release|Any CPU.Build.0 = Release|Any CPU
		{C656ED78-2BB8-48D6-A272-13B6BDC3501E}.Debug|Any CPU.ActiveCfg = Debug|Any CPU
		{C656ED78-2BB8-48D6-A272-13B6BDC3501E}.Debug|Any CPU.Build.0 = Debug|Any CPU
		{C656ED78-2BB8-48D6-A272-13B6BDC3501E}.Release|Any CPU.ActiveCfg = Release|Any CPU
		{C656ED78-2BB8-48D6-A272-13B6BDC3501E}.Release|Any CPU.Build.0 = Release|Any CPU
		{48AA91B8-86CF-4C34-8208-F1B293236CE7}.Debug|Any CPU.ActiveCfg = Debug|Any CPU
		{48AA91B8-86CF-4C34-8208-F1B293236CE7}.Debug|Any CPU.Build.0 = Debug|Any CPU
		{48AA91B8-86CF-4C34-8208-F1B293236CE7}.Release|Any CPU.ActiveCfg = Release|Any CPU
		{48AA91B8-86CF-4C34-8208-F1B293236CE7}.Release|Any CPU.Build.0 = Release|Any CPU
		{B70269AE-3038-4785-9E1A-795851CBF6C7}.Debug|Any CPU.ActiveCfg = Debug|Any CPU
		{B70269AE-3038-4785-9E1A-795851CBF6C7}.Debug|Any CPU.Build.0 = Debug|Any CPU
		{B70269AE-3038-4785-9E1A-795851CBF6C7}.Release|Any CPU.ActiveCfg = Release|Any CPU
		{B70269AE-3038-4785-9E1A-795851CBF6C7}.Release|Any CPU.Build.0 = Release|Any CPU
	EndGlobalSection
	GlobalSection(SolutionProperties) = preSolution
		HideSolutionNode = FALSE
	EndGlobalSection
EndGlobal
