
Microsoft Visual Studio Solution File, Format Version 12.00
# Visual Studio 14
VisualStudioVersion = 14.0.24720.0
MinimumVisualStudioVersion = 10.0.40219.1
Project("{FAE04EC0-301F-11D3-BF4B-00C04F79EFBC}") = "Master", "Master\Master.csproj", "{CC47F0FE-42CC-4763-B63D-FC88A5D93C65}"
EndProject
Project("{FAE04EC0-301F-11D3-BF4B-00C04F79EFBC}") = "NebulaCommon", "NebulaCommon\NebulaCommon.csproj", "{DBBB971B-C15E-4953-BFB9-5C6B7238F5D5}"
EndProject
Project("{FAE04EC0-301F-11D3-BF4B-00C04F79EFBC}") = "Login", "Login\Login.csproj", "{B759477C-D71F-4750-BEB5-D4D055E03074}"
EndProject
Project("{FAE04EC0-301F-11D3-BF4B-00C04F79EFBC}") = "SelectCharacter", "SelectCharacter\SelectCharacter.csproj", "{D65C51D1-FEEE-41C4-A846-1702F26EA1E4}"
EndProject
Project("{FAE04EC0-301F-11D3-BF4B-00C04F79EFBC}") = "GameMath", "GameMath\GameMath.csproj", "{1E3CAC5D-7BEE-486A-B275-76CEBC429E56}"
EndProject
Project("{FAE04EC0-301F-11D3-BF4B-00C04F79EFBC}") = "Space.Game", "Space.Game\Space.Game.csproj", "{258E2BBB-A667-4BBE-97BB-FAB72A5E552C}"
EndProject
Project("{FAE04EC0-301F-11D3-BF4B-00C04F79EFBC}") = "GameServer", "GameServer\GameServer.csproj", "{74F17503-CFEC-46C7-80E3-92DDD35BC8E2}"
EndProject
Project("{FAE04EC0-301F-11D3-BF4B-00C04F79EFBC}") = "NebulaClient", "SpaceClient_WEBGL\NebulaClient.csproj", "{4F969892-3F1C-4110-BF11-85FD077BCA60}"
EndProject
Project("{FAE04EC0-301F-11D3-BF4B-00C04F79EFBC}") = "NebulaEnums", "NebulaEnums\NebulaEnums.csproj", "{A629D298-9994-402B-9A47-4C35D567AE78}"
EndProject
Project("{FAE04EC0-301F-11D3-BF4B-00C04F79EFBC}") = "ServerLib", "ServerLib\ServerLib.csproj", "{5AA767B7-0441-4993-8AE7-7E92B9F60DD5}"
EndProject
Project("{FAE04EC0-301F-11D3-BF4B-00C04F79EFBC}") = "ntool", "ntool\ntool.csproj", "{1A054322-F972-4638-8821-87AE23F92B61}"
EndProject
Project("{FAE04EC0-301F-11D3-BF4B-00C04F79EFBC}") = "Space.Game.Tests", "Space.Game.Tests\Space.Game.Tests.csproj", "{7009766B-D489-44A5-992E-9B74FDCBFAFA}"
EndProject
Project("{FAE04EC0-301F-11D3-BF4B-00C04F79EFBC}") = "nebula_console_test", "nebula_console_test\nebula_console_test.csproj", "{1A669B35-2B9E-493D-AC33-10929C86E707}"
EndProject
Project("{FAE04EC0-301F-11D3-BF4B-00C04F79EFBC}") = "stringxml2xls", "stringxml2xls\stringxml2xls.csproj", "{35FCE207-21E8-43A9-8785-DFDE3051CD93}"
EndProject
Project("{FAE04EC0-301F-11D3-BF4B-00C04F79EFBC}") = "dbtool", "dbtool\dbtool.csproj", "{A02A2818-3D0D-4659-B41C-85320C72C92D}"
EndProject
Global
	GlobalSection(SolutionConfigurationPlatforms) = preSolution
		Debug|Any CPU = Debug|Any CPU
		Release|Any CPU = Release|Any CPU
	EndGlobalSection
	GlobalSection(ProjectConfigurationPlatforms) = postSolution
		{CC47F0FE-42CC-4763-B63D-FC88A5D93C65}.Debug|Any CPU.ActiveCfg = Debug|Any CPU
		{CC47F0FE-42CC-4763-B63D-FC88A5D93C65}.Debug|Any CPU.Build.0 = Debug|Any CPU
		{CC47F0FE-42CC-4763-B63D-FC88A5D93C65}.Release|Any CPU.ActiveCfg = Release|Any CPU
		{CC47F0FE-42CC-4763-B63D-FC88A5D93C65}.Release|Any CPU.Build.0 = Release|Any CPU
		{DBBB971B-C15E-4953-BFB9-5C6B7238F5D5}.Debug|Any CPU.ActiveCfg = Debug|Any CPU
		{DBBB971B-C15E-4953-BFB9-5C6B7238F5D5}.Debug|Any CPU.Build.0 = Debug|Any CPU
		{DBBB971B-C15E-4953-BFB9-5C6B7238F5D5}.Release|Any CPU.ActiveCfg = Release|Any CPU
		{DBBB971B-C15E-4953-BFB9-5C6B7238F5D5}.Release|Any CPU.Build.0 = Release|Any CPU
		{B759477C-D71F-4750-BEB5-D4D055E03074}.Debug|Any CPU.ActiveCfg = Debug|Any CPU
		{B759477C-D71F-4750-BEB5-D4D055E03074}.Debug|Any CPU.Build.0 = Debug|Any CPU
		{B759477C-D71F-4750-BEB5-D4D055E03074}.Release|Any CPU.ActiveCfg = Release|Any CPU
		{B759477C-D71F-4750-BEB5-D4D055E03074}.Release|Any CPU.Build.0 = Release|Any CPU
		{D65C51D1-FEEE-41C4-A846-1702F26EA1E4}.Debug|Any CPU.ActiveCfg = Debug|Any CPU
		{D65C51D1-FEEE-41C4-A846-1702F26EA1E4}.Debug|Any CPU.Build.0 = Debug|Any CPU
		{D65C51D1-FEEE-41C4-A846-1702F26EA1E4}.Release|Any CPU.ActiveCfg = Release|Any CPU
		{D65C51D1-FEEE-41C4-A846-1702F26EA1E4}.Release|Any CPU.Build.0 = Release|Any CPU
		{1E3CAC5D-7BEE-486A-B275-76CEBC429E56}.Debug|Any CPU.ActiveCfg = Debug|Any CPU
		{1E3CAC5D-7BEE-486A-B275-76CEBC429E56}.Debug|Any CPU.Build.0 = Debug|Any CPU
		{1E3CAC5D-7BEE-486A-B275-76CEBC429E56}.Release|Any CPU.ActiveCfg = Release|Any CPU
		{1E3CAC5D-7BEE-486A-B275-76CEBC429E56}.Release|Any CPU.Build.0 = Release|Any CPU
		{258E2BBB-A667-4BBE-97BB-FAB72A5E552C}.Debug|Any CPU.ActiveCfg = Debug|Any CPU
		{258E2BBB-A667-4BBE-97BB-FAB72A5E552C}.Debug|Any CPU.Build.0 = Debug|Any CPU
		{258E2BBB-A667-4BBE-97BB-FAB72A5E552C}.Release|Any CPU.ActiveCfg = Release|Any CPU
		{258E2BBB-A667-4BBE-97BB-FAB72A5E552C}.Release|Any CPU.Build.0 = Release|Any CPU
		{74F17503-CFEC-46C7-80E3-92DDD35BC8E2}.Debug|Any CPU.ActiveCfg = Debug|Any CPU
		{74F17503-CFEC-46C7-80E3-92DDD35BC8E2}.Debug|Any CPU.Build.0 = Debug|Any CPU
		{74F17503-CFEC-46C7-80E3-92DDD35BC8E2}.Release|Any CPU.ActiveCfg = Release|Any CPU
		{74F17503-CFEC-46C7-80E3-92DDD35BC8E2}.Release|Any CPU.Build.0 = Release|Any CPU
		{4F969892-3F1C-4110-BF11-85FD077BCA60}.Debug|Any CPU.ActiveCfg = Debug|Any CPU
		{4F969892-3F1C-4110-BF11-85FD077BCA60}.Debug|Any CPU.Build.0 = Debug|Any CPU
		{4F969892-3F1C-4110-BF11-85FD077BCA60}.Release|Any CPU.ActiveCfg = Release|Any CPU
		{4F969892-3F1C-4110-BF11-85FD077BCA60}.Release|Any CPU.Build.0 = Release|Any CPU
		{A629D298-9994-402B-9A47-4C35D567AE78}.Debug|Any CPU.ActiveCfg = Debug|Any CPU
		{A629D298-9994-402B-9A47-4C35D567AE78}.Debug|Any CPU.Build.0 = Debug|Any CPU
		{A629D298-9994-402B-9A47-4C35D567AE78}.Release|Any CPU.ActiveCfg = Release|Any CPU
		{A629D298-9994-402B-9A47-4C35D567AE78}.Release|Any CPU.Build.0 = Release|Any CPU
		{5AA767B7-0441-4993-8AE7-7E92B9F60DD5}.Debug|Any CPU.ActiveCfg = Debug|Any CPU
		{5AA767B7-0441-4993-8AE7-7E92B9F60DD5}.Debug|Any CPU.Build.0 = Debug|Any CPU
		{5AA767B7-0441-4993-8AE7-7E92B9F60DD5}.Release|Any CPU.ActiveCfg = Release|Any CPU
		{5AA767B7-0441-4993-8AE7-7E92B9F60DD5}.Release|Any CPU.Build.0 = Release|Any CPU
		{1A054322-F972-4638-8821-87AE23F92B61}.Debug|Any CPU.ActiveCfg = Debug|Any CPU
		{1A054322-F972-4638-8821-87AE23F92B61}.Debug|Any CPU.Build.0 = Debug|Any CPU
		{1A054322-F972-4638-8821-87AE23F92B61}.Release|Any CPU.ActiveCfg = Release|Any CPU
		{1A054322-F972-4638-8821-87AE23F92B61}.Release|Any CPU.Build.0 = Release|Any CPU
		{7009766B-D489-44A5-992E-9B74FDCBFAFA}.Debug|Any CPU.ActiveCfg = Debug|Any CPU
		{7009766B-D489-44A5-992E-9B74FDCBFAFA}.Debug|Any CPU.Build.0 = Debug|Any CPU
		{7009766B-D489-44A5-992E-9B74FDCBFAFA}.Release|Any CPU.ActiveCfg = Release|Any CPU
		{7009766B-D489-44A5-992E-9B74FDCBFAFA}.Release|Any CPU.Build.0 = Release|Any CPU
		{1A669B35-2B9E-493D-AC33-10929C86E707}.Debug|Any CPU.ActiveCfg = Debug|Any CPU
		{1A669B35-2B9E-493D-AC33-10929C86E707}.Debug|Any CPU.Build.0 = Debug|Any CPU
		{1A669B35-2B9E-493D-AC33-10929C86E707}.Release|Any CPU.ActiveCfg = Release|Any CPU
		{1A669B35-2B9E-493D-AC33-10929C86E707}.Release|Any CPU.Build.0 = Release|Any CPU
		{35FCE207-21E8-43A9-8785-DFDE3051CD93}.Debug|Any CPU.ActiveCfg = Debug|Any CPU
		{35FCE207-21E8-43A9-8785-DFDE3051CD93}.Debug|Any CPU.Build.0 = Debug|Any CPU
		{35FCE207-21E8-43A9-8785-DFDE3051CD93}.Release|Any CPU.ActiveCfg = Release|Any CPU
		{35FCE207-21E8-43A9-8785-DFDE3051CD93}.Release|Any CPU.Build.0 = Release|Any CPU
		{A02A2818-3D0D-4659-B41C-85320C72C92D}.Debug|Any CPU.ActiveCfg = Debug|Any CPU
		{A02A2818-3D0D-4659-B41C-85320C72C92D}.Debug|Any CPU.Build.0 = Debug|Any CPU
		{A02A2818-3D0D-4659-B41C-85320C72C92D}.Release|Any CPU.ActiveCfg = Release|Any CPU
		{A02A2818-3D0D-4659-B41C-85320C72C92D}.Release|Any CPU.Build.0 = Release|Any CPU
	EndGlobalSection
	GlobalSection(SolutionProperties) = preSolution
		HideSolutionNode = FALSE
	EndGlobalSection
EndGlobal
